
Microsoft Visual Studio Solution File, Format Version 12.00
# Visual Studio 15
VisualStudioVersion = 15.0.28307.1831
MinimumVisualStudioVersion = 10.0.40219.1
Project("{FAE04EC0-301F-11D3-BF4B-00C04F79EFBC}") = "CToolkit.v1_1", "CToolkit.v1_1\CToolkit.v1_1.csproj", "{CF3EB29A-279A-409C-A683-E756A72817B7}"
EndProject
Global
	GlobalSection(SolutionConfigurationPlatforms) = preSolution
		Debug|Any CPU = Debug|Any CPU
		Release|Any CPU = Release|Any CPU
	EndGlobalSection
	GlobalSection(ProjectConfigurationPlatforms) = postSolution
		{CF3EB29A-279A-409C-A683-E756A72817B7}.Debug|Any CPU.ActiveCfg = Debug|Any CPU
		{CF3EB29A-279A-409C-A683-E756A72817B7}.Debug|Any CPU.Build.0 = Debug|Any CPU
		{CF3EB29A-279A-409C-A683-E756A72817B7}.Release|Any CPU.ActiveCfg = Release|Any CPU
		{CF3EB29A-279A-409C-A683-E756A72817B7}.Release|Any CPU.Build.0 = Release|Any CPU
	EndGlobalSection
	GlobalSection(SolutionProperties) = preSolution
		HideSolutionNode = FALSE
	EndGlobalSection
	GlobalSection(ExtensibilityGlobals) = postSolution
		SolutionGuid = {9DD99A15-0A3A-4121-9FD2-D8E0EB803707}
	EndGlobalSection
EndGlobal
